
Microsoft Visual Studio Solution File, Format Version 12.00
# Visual Studio 14
VisualStudioVersion = 14.0.25420.1
MinimumVisualStudioVersion = 10.0.40219.1
Project("{FAE04EC0-301F-11D3-BF4B-00C04F79EFBC}") = "ParseClientData", "ParseClientData\ParseClientData.csproj", "{EABEA1A3-2577-496A-A42E-C9F275145B22}"
EndProject
Project("{FAE04EC0-301F-11D3-BF4B-00C04F79EFBC}") = "ClientTools", "ClientTools\ClientTools.csproj", "{3DFEF307-B1BB-4412-B560-A50272557A89}"
EndProject
Project("{FAE04EC0-301F-11D3-BF4B-00C04F79EFBC}") = "ClientTools.Test", "ClientTools.Test\ClientTools.Test.csproj", "{D3C086E0-73A9-43BE-92BE-C77AA60397E3}"
EndProject
Global
	GlobalSection(SolutionConfigurationPlatforms) = preSolution
		Debug|Any CPU = Debug|Any CPU
		Release|Any CPU = Release|Any CPU
	EndGlobalSection
	GlobalSection(ProjectConfigurationPlatforms) = postSolution
		{EABEA1A3-2577-496A-A42E-C9F275145B22}.Debug|Any CPU.ActiveCfg = Debug|Any CPU
		{EABEA1A3-2577-496A-A42E-C9F275145B22}.Debug|Any CPU.Build.0 = Debug|Any CPU
		{EABEA1A3-2577-496A-A42E-C9F275145B22}.Release|Any CPU.ActiveCfg = Release|Any CPU
		{EABEA1A3-2577-496A-A42E-C9F275145B22}.Release|Any CPU.Build.0 = Release|Any CPU
		{3DFEF307-B1BB-4412-B560-A50272557A89}.Debug|Any CPU.ActiveCfg = Debug|Any CPU
		{3DFEF307-B1BB-4412-B560-A50272557A89}.Debug|Any CPU.Build.0 = Debug|Any CPU
		{3DFEF307-B1BB-4412-B560-A50272557A89}.Release|Any CPU.ActiveCfg = Release|Any CPU
		{3DFEF307-B1BB-4412-B560-A50272557A89}.Release|Any CPU.Build.0 = Release|Any CPU
		{D3C086E0-73A9-43BE-92BE-C77AA60397E3}.Debug|Any CPU.ActiveCfg = Debug|Any CPU
		{D3C086E0-73A9-43BE-92BE-C77AA60397E3}.Debug|Any CPU.Build.0 = Debug|Any CPU
		{D3C086E0-73A9-43BE-92BE-C77AA60397E3}.Release|Any CPU.ActiveCfg = Release|Any CPU
		{D3C086E0-73A9-43BE-92BE-C77AA60397E3}.Release|Any CPU.Build.0 = Release|Any CPU
	EndGlobalSection
	GlobalSection(SolutionProperties) = preSolution
		HideSolutionNode = FALSE
	EndGlobalSection
EndGlobal
